// !$*UTF8*$!
{
	archiveVersion = 1;
	classes = {
	};
	objectVersion = 56;
	objects = {

/* Begin PBXBuildFile section */
		4A1DC26D2A16FE7600F275CA /* LoginView.swift in Sources */ = {isa = PBXBuildFile; fileRef = 4A1DC26C2A16FE7600F275CA /* LoginView.swift */; };
		4A4973E72A11ED3A0005C59D /* CodInActSumApp.swift in Sources */ = {isa = PBXBuildFile; fileRef = 4A4973E62A11ED3A0005C59D /* CodInActSumApp.swift */; };
		4A4973E92A11ED3A0005C59D /* ContentView.swift in Sources */ = {isa = PBXBuildFile; fileRef = 4A4973E82A11ED3A0005C59D /* ContentView.swift */; };
		4A4973EE2A11ED3B0005C59D /* Preview Assets.xcassets in Resources */ = {isa = PBXBuildFile; fileRef = 4A4973ED2A11ED3B0005C59D /* Preview Assets.xcassets */; };
		4A97DF152A1CB24F00E1D7FC /* OPView.swift in Sources */ = {isa = PBXBuildFile; fileRef = 4A97DF142A1CB24F00E1D7FC /* OPView.swift */; };
		4AB997FD2A29E2A5004A227C /* NewsScrollView.swift in Sources */ = {isa = PBXBuildFile; fileRef = 4AB997FC2A29E2A5004A227C /* NewsScrollView.swift */; };
		4AB997FF2A29E2B6004A227C /* NewsView.swift in Sources */ = {isa = PBXBuildFile; fileRef = 4AB997FE2A29E2B6004A227C /* NewsView.swift */; };
		4AB998062A29E698004A227C /* dimitri.TTF in Resources */ = {isa = PBXBuildFile; fileRef = 4AB998032A29E55C004A227C /* dimitri.TTF */; };
		4AB998082A29E6D5004A227C /* Assets.xcassets in Resources */ = {isa = PBXBuildFile; fileRef = 4A4973EA2A11ED3B0005C59D /* Assets.xcassets */; };
		4AE817502A1B5B4300223B39 /* DBFile.swift in Sources */ = {isa = PBXBuildFile; fileRef = 4AE8174F2A1B5B4300223B39 /* DBFile.swift */; };
		4AE817522A1B5D0700223B39 /* NewUserView.swift in Sources */ = {isa = PBXBuildFile; fileRef = 4AE817512A1B5D0700223B39 /* NewUserView.swift */; };
		4AE8CF2C2A1777FC00675C32 /* SQLite in Frameworks */ = {isa = PBXBuildFile; productRef = 4AE8CF2B2A1777FC00675C32 /* SQLite */; };
		67B159542A16FDFA00C1C0DF /* DriveSimView.swift in Sources */ = {isa = PBXBuildFile; fileRef = 67B159532A16FDFA00C1C0DF /* DriveSimView.swift */; };
/* End PBXBuildFile section */

/* Begin PBXFileReference section */
		4A1DC26C2A16FE7600F275CA /* LoginView.swift */ = {isa = PBXFileReference; lastKnownFileType = sourcecode.swift; path = LoginView.swift; sourceTree = "<group>"; };
		4A4973E32A11ED3A0005C59D /* CodInActSum.app */ = {isa = PBXFileReference; explicitFileType = wrapper.application; includeInIndex = 0; path = CodInActSum.app; sourceTree = BUILT_PRODUCTS_DIR; };
		4A4973E62A11ED3A0005C59D /* CodInActSumApp.swift */ = {isa = PBXFileReference; lastKnownFileType = sourcecode.swift; path = CodInActSumApp.swift; sourceTree = "<group>"; };
		4A4973E82A11ED3A0005C59D /* ContentView.swift */ = {isa = PBXFileReference; lastKnownFileType = sourcecode.swift; path = ContentView.swift; sourceTree = "<group>"; };
		4A4973EA2A11ED3B0005C59D /* Assets.xcassets */ = {isa = PBXFileReference; lastKnownFileType = folder.assetcatalog; path = Assets.xcassets; sourceTree = "<group>"; };
		4A4973ED2A11ED3B0005C59D /* Preview Assets.xcassets */ = {isa = PBXFileReference; lastKnownFileType = folder.assetcatalog; path = "Preview Assets.xcassets"; sourceTree = "<group>"; };
		4A97DF142A1CB24F00E1D7FC /* OPView.swift */ = {isa = PBXFileReference; lastKnownFileType = sourcecode.swift; path = OPView.swift; sourceTree = "<group>"; };
		4AB997FC2A29E2A5004A227C /* NewsScrollView.swift */ = {isa = PBXFileReference; lastKnownFileType = sourcecode.swift; path = NewsScrollView.swift; sourceTree = "<group>"; };
		4AB997FE2A29E2B6004A227C /* NewsView.swift */ = {isa = PBXFileReference; lastKnownFileType = sourcecode.swift; path = NewsView.swift; sourceTree = "<group>"; };
		4AB998002A29E40B004A227C /* Info.plist */ = {isa = PBXFileReference; lastKnownFileType = text.plist; path = Info.plist; sourceTree = "<group>"; };
		4AB998032A29E55C004A227C /* dimitri.TTF */ = {isa = PBXFileReference; lastKnownFileType = file; path = dimitri.TTF; sourceTree = "<group>"; };
		4AE8174F2A1B5B4300223B39 /* DBFile.swift */ = {isa = PBXFileReference; lastKnownFileType = sourcecode.swift; path = DBFile.swift; sourceTree = "<group>"; };
		4AE817512A1B5D0700223B39 /* NewUserView.swift */ = {isa = PBXFileReference; lastKnownFileType = sourcecode.swift; path = NewUserView.swift; sourceTree = "<group>"; };
		67B159532A16FDFA00C1C0DF /* DriveSimView.swift */ = {isa = PBXFileReference; lastKnownFileType = sourcecode.swift; path = DriveSimView.swift; sourceTree = "<group>"; };
/* End PBXFileReference section */

/* Begin PBXFrameworksBuildPhase section */
		4A4973E02A11ED3A0005C59D /* Frameworks */ = {
			isa = PBXFrameworksBuildPhase;
			buildActionMask = 2147483647;
			files = (
				4AE8CF2C2A1777FC00675C32 /* SQLite in Frameworks */,
			);
			runOnlyForDeploymentPostprocessing = 0;
		};
/* End PBXFrameworksBuildPhase section */

/* Begin PBXGroup section */
		4A4973DA2A11ED3A0005C59D = {
			isa = PBXGroup;
			children = (
				4A4973E52A11ED3A0005C59D /* CodInActSum */,
				4A4973E42A11ED3A0005C59D /* Products */,
			);
			sourceTree = "<group>";
		};
		4A4973E42A11ED3A0005C59D /* Products */ = {
			isa = PBXGroup;
			children = (
				4A4973E32A11ED3A0005C59D /* CodInActSum.app */,
			);
			name = Products;
			sourceTree = "<group>";
		};
		4A4973E52A11ED3A0005C59D /* CodInActSum */ = {
			isa = PBXGroup;
			children = (
				4AB998002A29E40B004A227C /* Info.plist */,
				4A4973E62A11ED3A0005C59D /* CodInActSumApp.swift */,
				4AB997FC2A29E2A5004A227C /* NewsScrollView.swift */,
				4AB997FE2A29E2B6004A227C /* NewsView.swift */,
				4A4973E82A11ED3A0005C59D /* ContentView.swift */,
				4A1DC26C2A16FE7600F275CA /* LoginView.swift */,
				4A97DF142A1CB24F00E1D7FC /* OPView.swift */,
				4AE817512A1B5D0700223B39 /* NewUserView.swift */,
				4AE8174F2A1B5B4300223B39 /* DBFile.swift */,
				67B159532A16FDFA00C1C0DF /* DriveSimView.swift */,
				4A4973EA2A11ED3B0005C59D /* Assets.xcassets */,
				4AB998052A29E61D004A227C /* ProjectFonts */,
				4A4973EC2A11ED3B0005C59D /* Preview Content */,
			);
			path = CodInActSum;
			sourceTree = "<group>";
		};
		4A4973EC2A11ED3B0005C59D /* Preview Content */ = {
			isa = PBXGroup;
			children = (
				4A4973ED2A11ED3B0005C59D /* Preview Assets.xcassets */,
			);
			path = "Preview Content";
			sourceTree = "<group>";
		};
		4AB998052A29E61D004A227C /* ProjectFonts */ = {
			isa = PBXGroup;
			children = (
				4AB998032A29E55C004A227C /* dimitri.TTF */,
			);
			path = ProjectFonts;
			sourceTree = "<group>";
		};
/* End PBXGroup section */

/* Begin PBXNativeTarget section */
		4A4973E22A11ED3A0005C59D /* CodInActSum */ = {
			isa = PBXNativeTarget;
			buildConfigurationList = 4A4973F12A11ED3B0005C59D /* Build configuration list for PBXNativeTarget "CodInActSum" */;
			buildPhases = (
				4A4973DF2A11ED3A0005C59D /* Sources */,
				4A4973E02A11ED3A0005C59D /* Frameworks */,
				4A4973E12A11ED3A0005C59D /* Resources */,
			);
			buildRules = (
			);
			dependencies = (
			);
			name = CodInActSum;
			packageProductDependencies = (
				4AE8CF2B2A1777FC00675C32 /* SQLite */,
			);
			productName = CodInActSum;
			productReference = 4A4973E32A11ED3A0005C59D /* CodInActSum.app */;
			productType = "com.apple.product-type.application";
		};
/* End PBXNativeTarget section */

/* Begin PBXProject section */
		4A4973DB2A11ED3A0005C59D /* Project object */ = {
			isa = PBXProject;
			attributes = {
				BuildIndependentTargetsInParallel = 1;
				LastSwiftUpdateCheck = 1420;
				LastUpgradeCheck = 1420;
				TargetAttributes = {
					4A4973E22A11ED3A0005C59D = {
						CreatedOnToolsVersion = 14.2;
					};
				};
			};
			buildConfigurationList = 4A4973DE2A11ED3A0005C59D /* Build configuration list for PBXProject "CodInActSum" */;
			compatibilityVersion = "Xcode 14.0";
			developmentRegion = en;
			hasScannedForEncodings = 0;
			knownRegions = (
				en,
				Base,
			);
			mainGroup = 4A4973DA2A11ED3A0005C59D;
			packageReferences = (
				4AE8CF2A2A1777FC00675C32 /* XCRemoteSwiftPackageReference "SQLite.swift" */,
			);
			productRefGroup = 4A4973E42A11ED3A0005C59D /* Products */;
			projectDirPath = "";
			projectRoot = "";
			targets = (
				4A4973E22A11ED3A0005C59D /* CodInActSum */,
			);
		};
/* End PBXProject section */

/* Begin PBXResourcesBuildPhase section */
		4A4973E12A11ED3A0005C59D /* Resources */ = {
			isa = PBXResourcesBuildPhase;
			buildActionMask = 2147483647;
			files = (
				4AB998082A29E6D5004A227C /* Assets.xcassets in Resources */,
				4A4973EE2A11ED3B0005C59D /* Preview Assets.xcassets in Resources */,
				4AB998062A29E698004A227C /* dimitri.TTF in Resources */,
			);
			runOnlyForDeploymentPostprocessing = 0;
		};
/* End PBXResourcesBuildPhase section */

/* Begin PBXSourcesBuildPhase section */
		4A4973DF2A11ED3A0005C59D /* Sources */ = {
			isa = PBXSourcesBuildPhase;
			buildActionMask = 2147483647;
			files = (
				4A97DF152A1CB24F00E1D7FC /* OPView.swift in Sources */,
				67B159542A16FDFA00C1C0DF /* DriveSimView.swift in Sources */,
				4A4973E92A11ED3A0005C59D /* ContentView.swift in Sources */,
				4AB997FF2A29E2B6004A227C /* NewsView.swift in Sources */,
				4A1DC26D2A16FE7600F275CA /* LoginView.swift in Sources */,
				4AE817502A1B5B4300223B39 /* DBFile.swift in Sources */,
				4AE817522A1B5D0700223B39 /* NewUserView.swift in Sources */,
				4AB997FD2A29E2A5004A227C /* NewsScrollView.swift in Sources */,
				4A4973E72A11ED3A0005C59D /* CodInActSumApp.swift in Sources */,
			);
			runOnlyForDeploymentPostprocessing = 0;
		};
/* End PBXSourcesBuildPhase section */

/* Begin XCBuildConfiguration section */
		4A4973EF2A11ED3B0005C59D /* Debug */ = {
			isa = XCBuildConfiguration;
			buildSettings = {
				ALWAYS_SEARCH_USER_PATHS = NO;
				CLANG_ANALYZER_NONNULL = YES;
				CLANG_ANALYZER_NUMBER_OBJECT_CONVERSION = YES_AGGRESSIVE;
				CLANG_CXX_LANGUAGE_STANDARD = "gnu++20";
				CLANG_ENABLE_MODULES = YES;
				CLANG_ENABLE_OBJC_ARC = YES;
				CLANG_ENABLE_OBJC_WEAK = YES;
				CLANG_WARN_BLOCK_CAPTURE_AUTORELEASING = YES;
				CLANG_WARN_BOOL_CONVERSION = YES;
				CLANG_WARN_COMMA = YES;
				CLANG_WARN_CONSTANT_CONVERSION = YES;
				CLANG_WARN_DEPRECATED_OBJC_IMPLEMENTATIONS = YES;
				CLANG_WARN_DIRECT_OBJC_ISA_USAGE = YES_ERROR;
				CLANG_WARN_DOCUMENTATION_COMMENTS = YES;
				CLANG_WARN_EMPTY_BODY = YES;
				CLANG_WARN_ENUM_CONVERSION = YES;
				CLANG_WARN_INFINITE_RECURSION = YES;
				CLANG_WARN_INT_CONVERSION = YES;
				CLANG_WARN_NON_LITERAL_NULL_CONVERSION = YES;
				CLANG_WARN_OBJC_IMPLICIT_RETAIN_SELF = YES;
				CLANG_WARN_OBJC_LITERAL_CONVERSION = YES;
				CLANG_WARN_OBJC_ROOT_CLASS = YES_ERROR;
				CLANG_WARN_QUOTED_INCLUDE_IN_FRAMEWORK_HEADER = YES;
				CLANG_WARN_RANGE_LOOP_ANALYSIS = YES;
				CLANG_WARN_STRICT_PROTOTYPES = YES;
				CLANG_WARN_SUSPICIOUS_MOVE = YES;
				CLANG_WARN_UNGUARDED_AVAILABILITY = YES_AGGRESSIVE;
				CLANG_WARN_UNREACHABLE_CODE = YES;
				CLANG_WARN__DUPLICATE_METHOD_MATCH = YES;
				COPY_PHASE_STRIP = NO;
				DEBUG_INFORMATION_FORMAT = dwarf;
				ENABLE_STRICT_OBJC_MSGSEND = YES;
				ENABLE_TESTABILITY = YES;
				GCC_C_LANGUAGE_STANDARD = gnu11;
				GCC_DYNAMIC_NO_PIC = NO;
				GCC_NO_COMMON_BLOCKS = YES;
				GCC_OPTIMIZATION_LEVEL = 0;
				GCC_PREPROCESSOR_DEFINITIONS = (
					"DEBUG=1",
					"$(inherited)",
				);
				GCC_WARN_64_TO_32_BIT_CONVERSION = YES;
				GCC_WARN_ABOUT_RETURN_TYPE = YES_ERROR;
				GCC_WARN_UNDECLARED_SELECTOR = YES;
				GCC_WARN_UNINITIALIZED_AUTOS = YES_AGGRESSIVE;
				GCC_WARN_UNUSED_FUNCTION = YES;
				GCC_WARN_UNUSED_VARIABLE = YES;
				IPHONEOS_DEPLOYMENT_TARGET = 16.2;
				MTL_ENABLE_DEBUG_INFO = INCLUDE_SOURCE;
				MTL_FAST_MATH = YES;
				ONLY_ACTIVE_ARCH = YES;
				SDKROOT = iphoneos;
				SWIFT_ACTIVE_COMPILATION_CONDITIONS = DEBUG;
				SWIFT_OPTIMIZATION_LEVEL = "-Onone";
			};
			name = Debug;
		};
		4A4973F02A11ED3B0005C59D /* Release */ = {
			isa = XCBuildConfiguration;
			buildSettings = {
				ALWAYS_SEARCH_USER_PATHS = NO;
				CLANG_ANALYZER_NONNULL = YES;
				CLANG_ANALYZER_NUMBER_OBJECT_CONVERSION = YES_AGGRESSIVE;
				CLANG_CXX_LANGUAGE_STANDARD = "gnu++20";
				CLANG_ENABLE_MODULES = YES;
				CLANG_ENABLE_OBJC_ARC = YES;
				CLANG_ENABLE_OBJC_WEAK = YES;
				CLANG_WARN_BLOCK_CAPTURE_AUTORELEASING = YES;
				CLANG_WARN_BOOL_CONVERSION = YES;
				CLANG_WARN_COMMA = YES;
				CLANG_WARN_CONSTANT_CONVERSION = YES;
				CLANG_WARN_DEPRECATED_OBJC_IMPLEMENTATIONS = YES;
				CLANG_WARN_DIRECT_OBJC_ISA_USAGE = YES_ERROR;
				CLANG_WARN_DOCUMENTATION_COMMENTS = YES;
				CLANG_WARN_EMPTY_BODY = YES;
				CLANG_WARN_ENUM_CONVERSION = YES;
				CLANG_WARN_INFINITE_RECURSION = YES;
				CLANG_WARN_INT_CONVERSION = YES;
				CLANG_WARN_NON_LITERAL_NULL_CONVERSION = YES;
				CLANG_WARN_OBJC_IMPLICIT_RETAIN_SELF = YES;
				CLANG_WARN_OBJC_LITERAL_CONVERSION = YES;
				CLANG_WARN_OBJC_ROOT_CLASS = YES_ERROR;
				CLANG_WARN_QUOTED_INCLUDE_IN_FRAMEWORK_HEADER = YES;
				CLANG_WARN_RANGE_LOOP_ANALYSIS = YES;
				CLANG_WARN_STRICT_PROTOTYPES = YES;
				CLANG_WARN_SUSPICIOUS_MOVE = YES;
				CLANG_WARN_UNGUARDED_AVAILABILITY = YES_AGGRESSIVE;
				CLANG_WARN_UNREACHABLE_CODE = YES;
				CLANG_WARN__DUPLICATE_METHOD_MATCH = YES;
				COPY_PHASE_STRIP = NO;
				DEBUG_INFORMATION_FORMAT = "dwarf-with-dsym";
				ENABLE_NS_ASSERTIONS = NO;
				ENABLE_STRICT_OBJC_MSGSEND = YES;
				GCC_C_LANGUAGE_STANDARD = gnu11;
				GCC_NO_COMMON_BLOCKS = YES;
				GCC_WARN_64_TO_32_BIT_CONVERSION = YES;
				GCC_WARN_ABOUT_RETURN_TYPE = YES_ERROR;
				GCC_WARN_UNDECLARED_SELECTOR = YES;
				GCC_WARN_UNINITIALIZED_AUTOS = YES_AGGRESSIVE;
				GCC_WARN_UNUSED_FUNCTION = YES;
				GCC_WARN_UNUSED_VARIABLE = YES;
				IPHONEOS_DEPLOYMENT_TARGET = 16.2;
				MTL_ENABLE_DEBUG_INFO = NO;
				MTL_FAST_MATH = YES;
				SDKROOT = iphoneos;
				SWIFT_COMPILATION_MODE = wholemodule;
				SWIFT_OPTIMIZATION_LEVEL = "-O";
				VALIDATE_PRODUCT = YES;
			};
			name = Release;
		};
		4A4973F22A11ED3B0005C59D /* Debug */ = {
			isa = XCBuildConfiguration;
			buildSettings = {
				ASSETCATALOG_COMPILER_APPICON_NAME = AppIcon;
				ASSETCATALOG_COMPILER_GLOBAL_ACCENT_COLOR_NAME = AccentColor;
				CODE_SIGN_STYLE = Automatic;
				CURRENT_PROJECT_VERSION = 1;
				DEVELOPMENT_ASSET_PATHS = "\"CodInActSum/Preview Content\"";
				DEVELOPMENT_TEAM = 5CUWG66KF9;
				ENABLE_PREVIEWS = YES;
				GENERATE_INFOPLIST_FILE = YES;
				INFOPLIST_FILE = CodInActSum/Info.plist;
				INFOPLIST_KEY_UIApplicationSupportsIndirectInputEvents = YES;
				INFOPLIST_KEY_UILaunchScreen_Generation = YES;
				INFOPLIST_KEY_UISupportedInterfaceOrientations_iPad = "UIInterfaceOrientationPortrait UIInterfaceOrientationPortraitUpsideDown UIInterfaceOrientationLandscapeLeft UIInterfaceOrientationLandscapeRight";
				INFOPLIST_KEY_UISupportedInterfaceOrientations_iPhone = "UIInterfaceOrientationPortrait UIInterfaceOrientationLandscapeLeft UIInterfaceOrientationLandscapeRight";
				LD_RUNPATH_SEARCH_PATHS = (
					"$(inherited)",
					"@executable_path/Frameworks",
				);
				MARKETING_VERSION = 1.0;
				PRODUCT_BUNDLE_IDENTIFIER = com.markuslu.HelloWorld.CodInActSum;
				PRODUCT_NAME = "$(TARGET_NAME)";
				SWIFT_EMIT_LOC_STRINGS = YES;
				SWIFT_VERSION = 5.0;
				TARGETED_DEVICE_FAMILY = "1,2";
			};
			name = Debug;
		};
		4A4973F32A11ED3B0005C59D /* Release */ = {
			isa = XCBuildConfiguration;
			buildSettings = {
				ASSETCATALOG_COMPILER_APPICON_NAME = AppIcon;
				ASSETCATALOG_COMPILER_GLOBAL_ACCENT_COLOR_NAME = AccentColor;
				CODE_SIGN_STYLE = Automatic;
				CURRENT_PROJECT_VERSION = 1;
				DEVELOPMENT_ASSET_PATHS = "\"CodInActSum/Preview Content\"";
				DEVELOPMENT_TEAM = 5CUWG66KF9;
				ENABLE_PREVIEWS = YES;
				GENERATE_INFOPLIST_FILE = YES;
				INFOPLIST_FILE = CodInActSum/Info.plist;
				INFOPLIST_KEY_UIApplicationSupportsIndirectInputEvents = YES;
				INFOPLIST_KEY_UILaunchScreen_Generation = YES;
				INFOPLIST_KEY_UISupportedInterfaceOrientations_iPad = "UIInterfaceOrientationPortrait UIInterfaceOrientationPortraitUpsideDown UIInterfaceOrientationLandscapeLeft UIInterfaceOrientationLandscapeRight";
				INFOPLIST_KEY_UISupportedInterfaceOrientations_iPhone = "UIInterfaceOrientationPortrait UIInterfaceOrientationLandscapeLeft UIInterfaceOrientationLandscapeRight";
				LD_RUNPATH_SEARCH_PATHS = (
					"$(inherited)",
					"@executable_path/Frameworks",
				);
				MARKETING_VERSION = 1.0;
				PRODUCT_BUNDLE_IDENTIFIER = com.markuslu.HelloWorld.CodInActSum;
				PRODUCT_NAME = "$(TARGET_NAME)";
				SWIFT_EMIT_LOC_STRINGS = YES;
				SWIFT_VERSION = 5.0;
				TARGETED_DEVICE_FAMILY = "1,2";
			};
			name = Release;
		};
/* End XCBuildConfiguration section */

/* Begin XCConfigurationList section */
		4A4973DE2A11ED3A0005C59D /* Build configuration list for PBXProject "CodInActSum" */ = {
			isa = XCConfigurationList;
			buildConfigurations = (
				4A4973EF2A11ED3B0005C59D /* Debug */,
				4A4973F02A11ED3B0005C59D /* Release */,
			);
			defaultConfigurationIsVisible = 0;
			defaultConfigurationName = Release;
		};
		4A4973F12A11ED3B0005C59D /* Build configuration list for PBXNativeTarget "CodInActSum" */ = {
			isa = XCConfigurationList;
			buildConfigurations = (
				4A4973F22A11ED3B0005C59D /* Debug */,
				4A4973F32A11ED3B0005C59D /* Release */,
			);
			defaultConfigurationIsVisible = 0;
			defaultConfigurationName = Release;
		};
/* End XCConfigurationList section */

/* Begin XCRemoteSwiftPackageReference section */
		4AE8CF2A2A1777FC00675C32 /* XCRemoteSwiftPackageReference "SQLite.swift" */ = {
			isa = XCRemoteSwiftPackageReference;
			repositoryURL = "https://github.com/stephencelis/SQLite.swift.git";
			requirement = {
				kind = upToNextMajorVersion;
				minimumVersion = 0.9.2;
			};
		};
/* End XCRemoteSwiftPackageReference section */

/* Begin XCSwiftPackageProductDependency section */
		4AE8CF2B2A1777FC00675C32 /* SQLite */ = {
			isa = XCSwiftPackageProductDependency;
			package = 4AE8CF2A2A1777FC00675C32 /* XCRemoteSwiftPackageReference "SQLite.swift" */;
			productName = SQLite;
		};
/* End XCSwiftPackageProductDependency section */
	};
	rootObject = 4A4973DB2A11ED3A0005C59D /* Project object */;
}
